<Solution>
  <Folder Name="/src/">
    <Project Path="src/AgentMonitor.Core/AgentMonitor.Core.csproj" />
    <Project Path="src/AgentMonitor.HookSink/AgentMonitor.HookSink.csproj" />
    <Project Path="src/AgentMonitor.Providers.ClaudeCode/AgentMonitor.Providers.ClaudeCode.csproj" />
    <Project Path="src/AgentMonitor.Providers.Codex/AgentMonitor.Providers.Codex.csproj" />
    <Project Path="src/AgentMonitor.Tray/AgentMonitor.Tray.csproj" />
  </Folder>
  <Folder Name="/tests/">
    <Project Path="tests/AgentMonitor.Tests/AgentMonitor.Tests.csproj" />
  </Folder>
</Solution>
